// !$*UTF8*$!
{
	archiveVersion = 1;
	classes = {
	};
	objectVersion = 50;
	objects = {

/* Begin PBXBuildFile section */
		FFDA4CA72439AB22004E5FD6 /* Assets.xcassets in Resources */ = {isa = PBXBuildFile; fileRef = FFDA4CA62439AB22004E5FD6 /* Assets.xcassets */; };
		FFDA4CAE2439AB22004E5FD6 /* Thwump MessagesExtension.appex in Embed App Extensions */ = {isa = PBXBuildFile; fileRef = FFDA4CAD2439AB22004E5FD6 /* Thwump MessagesExtension.appex */; settings = {ATTRIBUTES = (RemoveHeadersOnCopy, ); }; };
		FFDA4CB32439AB22004E5FD6 /* Messages.framework in Frameworks */ = {isa = PBXBuildFile; fileRef = FFDA4CB22439AB22004E5FD6 /* Messages.framework */; };
		FFDA4CB62439AB22004E5FD6 /* MessagesViewController.swift in Sources */ = {isa = PBXBuildFile; fileRef = FFDA4CB52439AB22004E5FD6 /* MessagesViewController.swift */; };
		FFDA4CB92439AB22004E5FD6 /* MainInterface.storyboard in Resources */ = {isa = PBXBuildFile; fileRef = FFDA4CB72439AB22004E5FD6 /* MainInterface.storyboard */; };
		FFDA4CBB2439AB24004E5FD6 /* Assets.xcassets in Resources */ = {isa = PBXBuildFile; fileRef = FFDA4CBA2439AB24004E5FD6 /* Assets.xcassets */; };
/* End PBXBuildFile section */

/* Begin PBXContainerItemProxy section */
		FFDA4CAF2439AB22004E5FD6 /* PBXContainerItemProxy */ = {
			isa = PBXContainerItemProxy;
			containerPortal = FFDA4C9D2439AB1C004E5FD6 /* Project object */;
			proxyType = 1;
			remoteGlobalIDString = FFDA4CAC2439AB22004E5FD6;
			remoteInfo = "Thwump MessagesExtension";
		};
/* End PBXContainerItemProxy section */

/* Begin PBXCopyFilesBuildPhase section */
		FFDA4CC22439AB24004E5FD6 /* Embed App Extensions */ = {
			isa = PBXCopyFilesBuildPhase;
			buildActionMask = 2147483647;
			dstPath = "";
			dstSubfolderSpec = 13;
			files = (
				FFDA4CAE2439AB22004E5FD6 /* Thwump MessagesExtension.appex in Embed App Extensions */,
			);
			name = "Embed App Extensions";
			runOnlyForDeploymentPostprocessing = 0;
		};
/* End PBXCopyFilesBuildPhase section */

/* Begin PBXFileReference section */
		FFDA4CA32439AB1C004E5FD6 /* Thwump.app */ = {isa = PBXFileReference; explicitFileType = wrapper.application; includeInIndex = 0; path = Thwump.app; sourceTree = BUILT_PRODUCTS_DIR; };
		FFDA4CA62439AB22004E5FD6 /* Assets.xcassets */ = {isa = PBXFileReference; lastKnownFileType = folder.assetcatalog; path = Assets.xcassets; sourceTree = "<group>"; };
		FFDA4CA82439AB22004E5FD6 /* Info.plist */ = {isa = PBXFileReference; lastKnownFileType = text.plist.xml; path = Info.plist; sourceTree = "<group>"; };
		FFDA4CAD2439AB22004E5FD6 /* Thwump MessagesExtension.appex */ = {isa = PBXFileReference; explicitFileType = "wrapper.app-extension"; includeInIndex = 0; path = "Thwump MessagesExtension.appex"; sourceTree = BUILT_PRODUCTS_DIR; };
		FFDA4CB22439AB22004E5FD6 /* Messages.framework */ = {isa = PBXFileReference; lastKnownFileType = wrapper.framework; name = Messages.framework; path = System/Library/Frameworks/Messages.framework; sourceTree = SDKROOT; };
		FFDA4CB52439AB22004E5FD6 /* MessagesViewController.swift */ = {isa = PBXFileReference; lastKnownFileType = sourcecode.swift; path = MessagesViewController.swift; sourceTree = "<group>"; };
		FFDA4CB82439AB22004E5FD6 /* Base */ = {isa = PBXFileReference; lastKnownFileType = file.storyboard; name = Base; path = Base.lproj/MainInterface.storyboard; sourceTree = "<group>"; };
		FFDA4CBA2439AB24004E5FD6 /* Assets.xcassets */ = {isa = PBXFileReference; lastKnownFileType = folder.assetcatalog; path = Assets.xcassets; sourceTree = "<group>"; };
		FFDA4CBC2439AB24004E5FD6 /* Info.plist */ = {isa = PBXFileReference; lastKnownFileType = text.plist.xml; path = Info.plist; sourceTree = "<group>"; };
/* End PBXFileReference section */

/* Begin PBXFrameworksBuildPhase section */
		FFDA4CAA2439AB22004E5FD6 /* Frameworks */ = {
			isa = PBXFrameworksBuildPhase;
			buildActionMask = 2147483647;
			files = (
				FFDA4CB32439AB22004E5FD6 /* Messages.framework in Frameworks */,
			);
			runOnlyForDeploymentPostprocessing = 0;
		};
/* End PBXFrameworksBuildPhase section */

/* Begin PBXGroup section */
		FFDA4C9C2439AB1C004E5FD6 = {
			isa = PBXGroup;
			children = (
				FFDA4CA52439AB1C004E5FD6 /* Thwump */,
				FFDA4CB42439AB22004E5FD6 /* Thwump MessagesExtension */,
				FFDA4CB12439AB22004E5FD6 /* Frameworks */,
				FFDA4CA42439AB1C004E5FD6 /* Products */,
			);
			sourceTree = "<group>";
		};
		FFDA4CA42439AB1C004E5FD6 /* Products */ = {
			isa = PBXGroup;
			children = (
				FFDA4CA32439AB1C004E5FD6 /* Thwump.app */,
				FFDA4CAD2439AB22004E5FD6 /* Thwump MessagesExtension.appex */,
			);
			name = Products;
			sourceTree = "<group>";
		};
		FFDA4CA52439AB1C004E5FD6 /* Thwump */ = {
			isa = PBXGroup;
			children = (
				FFDA4CA62439AB22004E5FD6 /* Assets.xcassets */,
				FFDA4CA82439AB22004E5FD6 /* Info.plist */,
			);
			path = Thwump;
			sourceTree = "<group>";
		};
		FFDA4CB12439AB22004E5FD6 /* Frameworks */ = {
			isa = PBXGroup;
			children = (
				FFDA4CB22439AB22004E5FD6 /* Messages.framework */,
			);
			name = Frameworks;
			sourceTree = "<group>";
		};
		FFDA4CB42439AB22004E5FD6 /* Thwump MessagesExtension */ = {
			isa = PBXGroup;
			children = (
				FFDA4CB52439AB22004E5FD6 /* MessagesViewController.swift */,
				FFDA4CB72439AB22004E5FD6 /* MainInterface.storyboard */,
				FFDA4CBA2439AB24004E5FD6 /* Assets.xcassets */,
				FFDA4CBC2439AB24004E5FD6 /* Info.plist */,
			);
			path = "Thwump MessagesExtension";
			sourceTree = "<group>";
		};
/* End PBXGroup section */

/* Begin PBXNativeTarget section */
		FFDA4CA22439AB1C004E5FD6 /* Thwump */ = {
			isa = PBXNativeTarget;
			buildConfigurationList = FFDA4CC32439AB24004E5FD6 /* Build configuration list for PBXNativeTarget "Thwump" */;
			buildPhases = (
				FFDA4CA12439AB1C004E5FD6 /* Resources */,
				FFDA4CC22439AB24004E5FD6 /* Embed App Extensions */,
			);
			buildRules = (
			);
			dependencies = (
				FFDA4CB02439AB22004E5FD6 /* PBXTargetDependency */,
			);
			name = Thwump;
			productName = Thwump;
			productReference = FFDA4CA32439AB1C004E5FD6 /* Thwump.app */;
			productType = "com.apple.product-type.application.messages";
		};
		FFDA4CAC2439AB22004E5FD6 /* Thwump MessagesExtension */ = {
			isa = PBXNativeTarget;
			buildConfigurationList = FFDA4CBF2439AB24004E5FD6 /* Build configuration list for PBXNativeTarget "Thwump MessagesExtension" */;
			buildPhases = (
				FFDA4CA92439AB22004E5FD6 /* Sources */,
				FFDA4CAA2439AB22004E5FD6 /* Frameworks */,
				FFDA4CAB2439AB22004E5FD6 /* Resources */,
			);
			buildRules = (
			);
			dependencies = (
			);
			name = "Thwump MessagesExtension";
			productName = "Thwump MessagesExtension";
			productReference = FFDA4CAD2439AB22004E5FD6 /* Thwump MessagesExtension.appex */;
			productType = "com.apple.product-type.app-extension.messages";
		};
/* End PBXNativeTarget section */

/* Begin PBXProject section */
		FFDA4C9D2439AB1C004E5FD6 /* Project object */ = {
			isa = PBXProject;
			attributes = {
				LastSwiftUpdateCheck = 1130;
				LastUpgradeCheck = 1130;
				ORGANIZATIONNAME = bnwlkr;
				TargetAttributes = {
					FFDA4CA22439AB1C004E5FD6 = {
						CreatedOnToolsVersion = 11.3;
					};
					FFDA4CAC2439AB22004E5FD6 = {
						CreatedOnToolsVersion = 11.3;
					};
				};
			};
			buildConfigurationList = FFDA4CA02439AB1C004E5FD6 /* Build configuration list for PBXProject "Thwump" */;
			compatibilityVersion = "Xcode 9.3";
			developmentRegion = en;
			hasScannedForEncodings = 0;
			knownRegions = (
				en,
				Base,
			);
			mainGroup = FFDA4C9C2439AB1C004E5FD6;
			productRefGroup = FFDA4CA42439AB1C004E5FD6 /* Products */;
			projectDirPath = "";
			projectRoot = "";
			targets = (
				FFDA4CA22439AB1C004E5FD6 /* Thwump */,
				FFDA4CAC2439AB22004E5FD6 /* Thwump MessagesExtension */,
			);
		};
/* End PBXProject section */

/* Begin PBXResourcesBuildPhase section */
		FFDA4CA12439AB1C004E5FD6 /* Resources */ = {
			isa = PBXResourcesBuildPhase;
			buildActionMask = 2147483647;
			files = (
				FFDA4CA72439AB22004E5FD6 /* Assets.xcassets in Resources */,
			);
			runOnlyForDeploymentPostprocessing = 0;
		};
		FFDA4CAB2439AB22004E5FD6 /* Resources */ = {
			isa = PBXResourcesBuildPhase;
			buildActionMask = 2147483647;
			files = (
				FFDA4CBB2439AB24004E5FD6 /* Assets.xcassets in Resources */,
				FFDA4CB92439AB22004E5FD6 /* MainInterface.storyboard in Resources */,
			);
			runOnlyForDeploymentPostprocessing = 0;
		};
/* End PBXResourcesBuildPhase section */

/* Begin PBXSourcesBuildPhase section */
		FFDA4CA92439AB22004E5FD6 /* Sources */ = {
			isa = PBXSourcesBuildPhase;
			buildActionMask = 2147483647;
			files = (
				FFDA4CB62439AB22004E5FD6 /* MessagesViewController.swift in Sources */,
			);
			runOnlyForDeploymentPostprocessing = 0;
		};
/* End PBXSourcesBuildPhase section */

/* Begin PBXTargetDependency section */
		FFDA4CB02439AB22004E5FD6 /* PBXTargetDependency */ = {
			isa = PBXTargetDependency;
			target = FFDA4CAC2439AB22004E5FD6 /* Thwump MessagesExtension */;
			targetProxy = FFDA4CAF2439AB22004E5FD6 /* PBXContainerItemProxy */;
		};
/* End PBXTargetDependency section */

/* Begin PBXVariantGroup section */
		FFDA4CB72439AB22004E5FD6 /* MainInterface.storyboard */ = {
			isa = PBXVariantGroup;
			children = (
				FFDA4CB82439AB22004E5FD6 /* Base */,
			);
			name = MainInterface.storyboard;
			sourceTree = "<group>";
		};
/* End PBXVariantGroup section */

/* Begin XCBuildConfiguration section */
		FFDA4CBD2439AB24004E5FD6 /* Debug */ = {
			isa = XCBuildConfiguration;
			buildSettings = {
				ALWAYS_SEARCH_USER_PATHS = NO;
				CLANG_ANALYZER_NONNULL = YES;
				CLANG_ANALYZER_NUMBER_OBJECT_CONVERSION = YES_AGGRESSIVE;
				CLANG_CXX_LANGUAGE_STANDARD = "gnu++14";
				CLANG_CXX_LIBRARY = "libc++";
				CLANG_ENABLE_MODULES = YES;
				CLANG_ENABLE_OBJC_ARC = YES;
				CLANG_ENABLE_OBJC_WEAK = YES;
				CLANG_WARN_BLOCK_CAPTURE_AUTORELEASING = YES;
				CLANG_WARN_BOOL_CONVERSION = YES;
				CLANG_WARN_COMMA = YES;
				CLANG_WARN_CONSTANT_CONVERSION = YES;
				CLANG_WARN_DEPRECATED_OBJC_IMPLEMENTATIONS = YES;
				CLANG_WARN_DIRECT_OBJC_ISA_USAGE = YES_ERROR;
				CLANG_WARN_DOCUMENTATION_COMMENTS = YES;
				CLANG_WARN_EMPTY_BODY = YES;
				CLANG_WARN_ENUM_CONVERSION = YES;
				CLANG_WARN_INFINITE_RECURSION = YES;
				CLANG_WARN_INT_CONVERSION = YES;
				CLANG_WARN_NON_LITERAL_NULL_CONVERSION = YES;
				CLANG_WARN_OBJC_IMPLICIT_RETAIN_SELF = YES;
				CLANG_WARN_OBJC_LITERAL_CONVERSION = YES;
				CLANG_WARN_OBJC_ROOT_CLASS = YES_ERROR;
				CLANG_WARN_RANGE_LOOP_ANALYSIS = YES;
				CLANG_WARN_STRICT_PROTOTYPES = YES;
				CLANG_WARN_SUSPICIOUS_MOVE = YES;
				CLANG_WARN_UNGUARDED_AVAILABILITY = YES_AGGRESSIVE;
				CLANG_WARN_UNREACHABLE_CODE = YES;
				CLANG_WARN__DUPLICATE_METHOD_MATCH = YES;
				COPY_PHASE_STRIP = NO;
				DEBUG_INFORMATION_FORMAT = dwarf;
				ENABLE_STRICT_OBJC_MSGSEND = YES;
				ENABLE_TESTABILITY = YES;
				GCC_C_LANGUAGE_STANDARD = gnu11;
				GCC_DYNAMIC_NO_PIC = NO;
				GCC_NO_COMMON_BLOCKS = YES;
				GCC_OPTIMIZATION_LEVEL = 0;
				GCC_PREPROCESSOR_DEFINITIONS = (
					"DEBUG=1",
					"$(inherited)",
				);
				GCC_WARN_64_TO_32_BIT_CONVERSION = YES;
				GCC_WARN_ABOUT_RETURN_TYPE = YES_ERROR;
				GCC_WARN_UNDECLARED_SELECTOR = YES;
				GCC_WARN_UNINITIALIZED_AUTOS = YES_AGGRESSIVE;
				GCC_WARN_UNUSED_FUNCTION = YES;
				GCC_WARN_UNUSED_VARIABLE = YES;
				IPHONEOS_DEPLOYMENT_TARGET = 13.2;
				MTL_ENABLE_DEBUG_INFO = INCLUDE_SOURCE;
				MTL_FAST_MATH = YES;
				ONLY_ACTIVE_ARCH = YES;
				SDKROOT = iphoneos;
				SWIFT_ACTIVE_COMPILATION_CONDITIONS = DEBUG;
				SWIFT_OPTIMIZATION_LEVEL = "-Onone";
			};
			name = Debug;
		};
		FFDA4CBE2439AB24004E5FD6 /* Release */ = {
			isa = XCBuildConfiguration;
			buildSettings = {
				ALWAYS_SEARCH_USER_PATHS = NO;
				CLANG_ANALYZER_NONNULL = YES;
				CLANG_ANALYZER_NUMBER_OBJECT_CONVERSION = YES_AGGRESSIVE;
				CLANG_CXX_LANGUAGE_STANDARD = "gnu++14";
				CLANG_CXX_LIBRARY = "libc++";
				CLANG_ENABLE_MODULES = YES;
				CLANG_ENABLE_OBJC_ARC = YES;
				CLANG_ENABLE_OBJC_WEAK = YES;
				CLANG_WARN_BLOCK_CAPTURE_AUTORELEASING = YES;
				CLANG_WARN_BOOL_CONVERSION = YES;
				CLANG_WARN_COMMA = YES;
				CLANG_WARN_CONSTANT_CONVERSION = YES;
				CLANG_WARN_DEPRECATED_OBJC_IMPLEMENTATIONS = YES;
				CLANG_WARN_DIRECT_OBJC_ISA_USAGE = YES_ERROR;
				CLANG_WARN_DOCUMENTATION_COMMENTS = YES;
				CLANG_WARN_EMPTY_BODY = YES;
				CLANG_WARN_ENUM_CONVERSION = YES;
				CLANG_WARN_INFINITE_RECURSION = YES;
				CLANG_WARN_INT_CONVERSION = YES;
				CLANG_WARN_NON_LITERAL_NULL_CONVERSION = YES;
				CLANG_WARN_OBJC_IMPLICIT_RETAIN_SELF = YES;
				CLANG_WARN_OBJC_LITERAL_CONVERSION = YES;
				CLANG_WARN_OBJC_ROOT_CLASS = YES_ERROR;
				CLANG_WARN_RANGE_LOOP_ANALYSIS = YES;
				CLANG_WARN_STRICT_PROTOTYPES = YES;
				CLANG_WARN_SUSPICIOUS_MOVE = YES;
				CLANG_WARN_UNGUARDED_AVAILABILITY = YES_AGGRESSIVE;
				CLANG_WARN_UNREACHABLE_CODE = YES;
				CLANG_WARN__DUPLICATE_METHOD_MATCH = YES;
				COPY_PHASE_STRIP = NO;
				DEBUG_INFORMATION_FORMAT = "dwarf-with-dsym";
				ENABLE_NS_ASSERTIONS = NO;
				ENABLE_STRICT_OBJC_MSGSEND = YES;
				GCC_C_LANGUAGE_STANDARD = gnu11;
				GCC_NO_COMMON_BLOCKS = YES;
				GCC_WARN_64_TO_32_BIT_CONVERSION = YES;
				GCC_WARN_ABOUT_RETURN_TYPE = YES_ERROR;
				GCC_WARN_UNDECLARED_SELECTOR = YES;
				GCC_WARN_UNINITIALIZED_AUTOS = YES_AGGRESSIVE;
				GCC_WARN_UNUSED_FUNCTION = YES;
				GCC_WARN_UNUSED_VARIABLE = YES;
				IPHONEOS_DEPLOYMENT_TARGET = 13.2;
				MTL_ENABLE_DEBUG_INFO = NO;
				MTL_FAST_MATH = YES;
				SDKROOT = iphoneos;
				SWIFT_COMPILATION_MODE = wholemodule;
				SWIFT_OPTIMIZATION_LEVEL = "-O";
				VALIDATE_PRODUCT = YES;
			};
			name = Release;
		};
		FFDA4CC02439AB24004E5FD6 /* Debug */ = {
			isa = XCBuildConfiguration;
			buildSettings = {
				ASSETCATALOG_COMPILER_APPICON_NAME = "iMessage App Icon";
				CODE_SIGN_STYLE = Automatic;
				DEVELOPMENT_TEAM = T7ST5D3QZ2;
				INFOPLIST_FILE = "Thwump MessagesExtension/Info.plist";
				LD_RUNPATH_SEARCH_PATHS = (
					"$(inherited)",
					"@executable_path/Frameworks",
					"@executable_path/../../Frameworks",
				);
				PRODUCT_BUNDLE_IDENTIFIER = bnwlkr.Thwump.MessagesExtension;
				PRODUCT_NAME = "$(TARGET_NAME)";
				SKIP_INSTALL = YES;
				SWIFT_VERSION = 5.0;
				TARGETED_DEVICE_FAMILY = "1,2";
			};
			name = Debug;
		};
		FFDA4CC12439AB24004E5FD6 /* Release */ = {
			isa = XCBuildConfiguration;
			buildSettings = {
				ASSETCATALOG_COMPILER_APPICON_NAME = "iMessage App Icon";
				CODE_SIGN_STYLE = Automatic;
				DEVELOPMENT_TEAM = T7ST5D3QZ2;
				INFOPLIST_FILE = "Thwump MessagesExtension/Info.plist";
				LD_RUNPATH_SEARCH_PATHS = (
					"$(inherited)",
					"@executable_path/Frameworks",
					"@executable_path/../../Frameworks",
				);
				PRODUCT_BUNDLE_IDENTIFIER = bnwlkr.Thwump.MessagesExtension;
				PRODUCT_NAME = "$(TARGET_NAME)";
				SKIP_INSTALL = YES;
				SWIFT_VERSION = 5.0;
				TARGETED_DEVICE_FAMILY = "1,2";
			};
			name = Release;
		};
		FFDA4CC42439AB24004E5FD6 /* Debug */ = {
			isa = XCBuildConfiguration;
			buildSettings = {
				ALWAYS_EMBED_SWIFT_STANDARD_LIBRARIES = YES;
				ASSETCATALOG_COMPILER_APPICON_NAME = AppIcon;
				CODE_SIGN_STYLE = Automatic;
				DEVELOPMENT_TEAM = T7ST5D3QZ2;
				INFOPLIST_FILE = Thwump/Info.plist;
				PRODUCT_BUNDLE_IDENTIFIER = bnwlkr.Thwump;
				PRODUCT_NAME = "$(TARGET_NAME)";
				SWIFT_VERSION = 5.0;
				TARGETED_DEVICE_FAMILY = "1,2";
			};
			name = Debug;
		};
		FFDA4CC52439AB24004E5FD6 /* Release */ = {
			isa = XCBuildConfiguration;
			buildSettings = {
				ALWAYS_EMBED_SWIFT_STANDARD_LIBRARIES = YES;
				ASSETCATALOG_COMPILER_APPICON_NAME = AppIcon;
				CODE_SIGN_STYLE = Automatic;
				DEVELOPMENT_TEAM = T7ST5D3QZ2;
				INFOPLIST_FILE = Thwump/Info.plist;
				PRODUCT_BUNDLE_IDENTIFIER = bnwlkr.Thwump;
				PRODUCT_NAME = "$(TARGET_NAME)";
				SWIFT_VERSION = 5.0;
				TARGETED_DEVICE_FAMILY = "1,2";
			};
			name = Release;
		};
/* End XCBuildConfiguration section */

/* Begin XCConfigurationList section */
		FFDA4CA02439AB1C004E5FD6 /* Build configuration list for PBXProject "Thwump" */ = {
			isa = XCConfigurationList;
			buildConfigurations = (
				FFDA4CBD2439AB24004E5FD6 /* Debug */,
				FFDA4CBE2439AB24004E5FD6 /* Release */,
			);
			defaultConfigurationIsVisible = 0;
			defaultConfigurationName = Release;
		};
		FFDA4CBF2439AB24004E5FD6 /* Build configuration list for PBXNativeTarget "Thwump MessagesExtension" */ = {
			isa = XCConfigurationList;
			buildConfigurations = (
				FFDA4CC02439AB24004E5FD6 /* Debug */,
				FFDA4CC12439AB24004E5FD6 /* Release */,
			);
			defaultConfigurationIsVisible = 0;
			defaultConfigurationName = Release;
		};
		FFDA4CC32439AB24004E5FD6 /* Build configuration list for PBXNativeTarget "Thwump" */ = {
			isa = XCConfigurationList;
			buildConfigurations = (
				FFDA4CC42439AB24004E5FD6 /* Debug */,
				FFDA4CC52439AB24004E5FD6 /* Release */,
			);
			defaultConfigurationIsVisible = 0;
			defaultConfigurationName = Release;
		};
/* End XCConfigurationList section */
	};
	rootObject = FFDA4C9D2439AB1C004E5FD6 /* Project object */;
}
